
Microsoft Visual Studio Solution File, Format Version 11.00
# Visual Studio 2010
Project("{FAE04EC0-301F-11D3-BF4B-00C04F79EFBC}") = "whileExamples", "whileExamples\whileExamples.csproj", "{27C01833-562D-442D-BD28-FB11142E67ED}"
EndProject
Global
	GlobalSection(SolutionConfigurationPlatforms) = preSolution
		Debug|x86 = Debug|x86
		Release|x86 = Release|x86
	EndGlobalSection
	GlobalSection(ProjectConfigurationPlatforms) = postSolution
		{27C01833-562D-442D-BD28-FB11142E67ED}.Debug|x86.ActiveCfg = Debug|x86
		{27C01833-562D-442D-BD28-FB11142E67ED}.Debug|x86.Build.0 = Debug|x86
		{27C01833-562D-442D-BD28-FB11142E67ED}.Release|x86.ActiveCfg = Release|x86
		{27C01833-562D-442D-BD28-FB11142E67ED}.Release|x86.Build.0 = Release|x86
	EndGlobalSection
	GlobalSection(SolutionProperties) = preSolution
		HideSolutionNode = FALSE
	EndGlobalSection
EndGlobal
